
Microsoft Visual Studio Solution File, Format Version 12.00
# Visual Studio 2012
Project("{8BC9CEB8-8B4A-11D0-8D11-00A0C91BC942}") = "BouncingBall", "BouncingBall\BouncingBall.vcxproj", "{0374347F-83CE-47CF-8DB5-67AD58ED1C6A}"
EndProject
Project("{8BC9CEB8-8B4A-11D0-8D11-00A0C91BC942}") = "BouncingBallASM", "BouncingBallASM\BouncingBallASM.vcxproj", "{BC929F62-5B2F-47D1-AEF6-EBBC394F92C9}"
EndProject
Project("{8BC9CEB8-8B4A-11D0-8D11-00A0C91BC942}") = "ListFile", "ListFile\ListFile.vcxproj", "{2ECBBDF8-F6F4-4747-A836-41712D67134A}"
EndProject
Project("{8BC9CEB8-8B4A-11D0-8D11-00A0C91BC942}") = "ListFileASM", "ListFileASM\ListFileASM.vcxproj", "{863D4F84-55FE-4CC5-9A9E-B191B3D91637}"
EndProject
Global
	GlobalSection(SolutionConfigurationPlatforms) = preSolution
		Debug|Win32 = Debug|Win32
		Release|Win32 = Release|Win32
	EndGlobalSection
	GlobalSection(ProjectConfigurationPlatforms) = postSolution
		{0374347F-83CE-47CF-8DB5-67AD58ED1C6A}.Debug|Win32.ActiveCfg = Debug|Win32
		{0374347F-83CE-47CF-8DB5-67AD58ED1C6A}.Debug|Win32.Build.0 = Debug|Win32
		{0374347F-83CE-47CF-8DB5-67AD58ED1C6A}.Release|Win32.ActiveCfg = Release|Win32
		{0374347F-83CE-47CF-8DB5-67AD58ED1C6A}.Release|Win32.Build.0 = Release|Win32
		{BC929F62-5B2F-47D1-AEF6-EBBC394F92C9}.Debug|Win32.ActiveCfg = Debug|Win32
		{BC929F62-5B2F-47D1-AEF6-EBBC394F92C9}.Debug|Win32.Build.0 = Debug|Win32
		{BC929F62-5B2F-47D1-AEF6-EBBC394F92C9}.Release|Win32.ActiveCfg = Release|Win32
		{BC929F62-5B2F-47D1-AEF6-EBBC394F92C9}.Release|Win32.Build.0 = Release|Win32
		{2ECBBDF8-F6F4-4747-A836-41712D67134A}.Debug|Win32.ActiveCfg = Debug|Win32
		{2ECBBDF8-F6F4-4747-A836-41712D67134A}.Debug|Win32.Build.0 = Debug|Win32
		{2ECBBDF8-F6F4-4747-A836-41712D67134A}.Release|Win32.ActiveCfg = Release|Win32
		{2ECBBDF8-F6F4-4747-A836-41712D67134A}.Release|Win32.Build.0 = Release|Win32
		{863D4F84-55FE-4CC5-9A9E-B191B3D91637}.Debug|Win32.ActiveCfg = Debug|Win32
		{863D4F84-55FE-4CC5-9A9E-B191B3D91637}.Debug|Win32.Build.0 = Debug|Win32
		{863D4F84-55FE-4CC5-9A9E-B191B3D91637}.Release|Win32.ActiveCfg = Release|Win32
		{863D4F84-55FE-4CC5-9A9E-B191B3D91637}.Release|Win32.Build.0 = Release|Win32
	EndGlobalSection
	GlobalSection(SolutionProperties) = preSolution
		HideSolutionNode = FALSE
	EndGlobalSection
EndGlobal
